
Microsoft Visual Studio Solution File, Format Version 12.00
# Visual Studio Version 17
VisualStudioVersion = 17.1.32210.238
MinimumVisualStudioVersion = 10.0.40219.1
Project("{FAE04EC0-301F-11D3-BF4B-00C04F79EFBC}") = "APITestApp", "APITestApp\APITestApp.csproj", "{48875F2E-9F43-44C0-AF54-072F8403F292}"
EndProject
Global
	GlobalSection(SolutionConfigurationPlatforms) = preSolution
		Debug|Any CPU = Debug|Any CPU
		Release|Any CPU = Release|Any CPU
	EndGlobalSection
	GlobalSection(ProjectConfigurationPlatforms) = postSolution
		{48875F2E-9F43-44C0-AF54-072F8403F292}.Debug|Any CPU.ActiveCfg = Debug|Any CPU
		{48875F2E-9F43-44C0-AF54-072F8403F292}.Debug|Any CPU.Build.0 = Debug|Any CPU
		{48875F2E-9F43-44C0-AF54-072F8403F292}.Release|Any CPU.ActiveCfg = Release|Any CPU
		{48875F2E-9F43-44C0-AF54-072F8403F292}.Release|Any CPU.Build.0 = Release|Any CPU
	EndGlobalSection
	GlobalSection(SolutionProperties) = preSolution
		HideSolutionNode = FALSE
	EndGlobalSection
	GlobalSection(ExtensibilityGlobals) = postSolution
		SolutionGuid = {D55495D6-678D-4BA9-9332-6C35BE17BFCB}
	EndGlobalSection
EndGlobal
